
Microsoft Visual Studio Solution File, Format Version 12.00
# Visual Studio Version 17
VisualStudioVersion = 17.14.36518.9 d17.14
MinimumVisualStudioVersion = 10.0.40219.1
Project("{FAE04EC0-301F-11D3-BF4B-00C04F79EFBC}") = "EncuestasWebApp", "EncuestasWebApp\EncuestasWebApp.csproj", "{78527334-EA0E-4BAC-8A2F-30B4A6CC55D8}"
EndProject
Project("{FAE04EC0-301F-11D3-BF4B-00C04F79EFBC}") = "DAL", "DAL\DAL.csproj", "{70BD1305-CB41-4B1E-B562-AF52E48D403E}"
EndProject
Project("{FAE04EC0-301F-11D3-BF4B-00C04F79EFBC}") = "Entity", "Entity\Entity.csproj", "{905F38E1-19F0-4DFB-9A38-DEE181ADD291}"
EndProject
Global
	GlobalSection(SolutionConfigurationPlatforms) = preSolution
		Debug|Any CPU = Debug|Any CPU
		Release|Any CPU = Release|Any CPU
	EndGlobalSection
	GlobalSection(ProjectConfigurationPlatforms) = postSolution
		{78527334-EA0E-4BAC-8A2F-30B4A6CC55D8}.Debug|Any CPU.ActiveCfg = Debug|Any CPU
		{78527334-EA0E-4BAC-8A2F-30B4A6CC55D8}.Debug|Any CPU.Build.0 = Debug|Any CPU
		{78527334-EA0E-4BAC-8A2F-30B4A6CC55D8}.Release|Any CPU.ActiveCfg = Release|Any CPU
		{78527334-EA0E-4BAC-8A2F-30B4A6CC55D8}.Release|Any CPU.Build.0 = Release|Any CPU
		{70BD1305-CB41-4B1E-B562-AF52E48D403E}.Debug|Any CPU.ActiveCfg = Debug|Any CPU
		{70BD1305-CB41-4B1E-B562-AF52E48D403E}.Debug|Any CPU.Build.0 = Debug|Any CPU
		{70BD1305-CB41-4B1E-B562-AF52E48D403E}.Release|Any CPU.ActiveCfg = Release|Any CPU
		{70BD1305-CB41-4B1E-B562-AF52E48D403E}.Release|Any CPU.Build.0 = Release|Any CPU
		{905F38E1-19F0-4DFB-9A38-DEE181ADD291}.Debug|Any CPU.ActiveCfg = Debug|Any CPU
		{905F38E1-19F0-4DFB-9A38-DEE181ADD291}.Debug|Any CPU.Build.0 = Debug|Any CPU
		{905F38E1-19F0-4DFB-9A38-DEE181ADD291}.Release|Any CPU.ActiveCfg = Release|Any CPU
		{905F38E1-19F0-4DFB-9A38-DEE181ADD291}.Release|Any CPU.Build.0 = Release|Any CPU
	EndGlobalSection
	GlobalSection(SolutionProperties) = preSolution
		HideSolutionNode = FALSE
	EndGlobalSection
	GlobalSection(ExtensibilityGlobals) = postSolution
		SolutionGuid = {C3C0461C-ACBE-46BC-9700-18129AD2F4E8}
	EndGlobalSection
EndGlobal
